
Microsoft Visual Studio Solution File, Format Version 12.00
# Visual Studio Version 17
VisualStudioVersion = 17.3.32804.467
MinimumVisualStudioVersion = 10.0.40219.1
Project("{9A19103F-16F7-4668-BE54-9A1E7A4F7556}") = "Penguin.Debugging.Local", "Penguin.Debugging.Local.csproj", "{13404C16-31A9-4F8D-9A52-E3960702F308}"
EndProject
Project("{9A19103F-16F7-4668-BE54-9A1E7A4F7556}") = "Penguin.Extensions.Exceptions.Local", "..\Penguin.Extensions.Exceptions\Penguin.Extensions.Exceptions.Local.csproj", "{D6647EC4-E354-491A-977A-89A7869745DF}"
EndProject
Project("{9A19103F-16F7-4668-BE54-9A1E7A4F7556}") = "Penguin.FileStreams.Local", "..\Penguin.FileStreams\Penguin.FileStreams.Local.csproj", "{7AD21245-E258-4D0A-BDE6-D1CC37A50708}"
EndProject
Global
	GlobalSection(SolutionConfigurationPlatforms) = preSolution
		Debug|Any CPU = Debug|Any CPU
		Release|Any CPU = Release|Any CPU
	EndGlobalSection
	GlobalSection(ProjectConfigurationPlatforms) = postSolution
		{13404C16-31A9-4F8D-9A52-E3960702F308}.Debug|Any CPU.ActiveCfg = Debug|Any CPU
		{13404C16-31A9-4F8D-9A52-E3960702F308}.Debug|Any CPU.Build.0 = Debug|Any CPU
		{13404C16-31A9-4F8D-9A52-E3960702F308}.Release|Any CPU.ActiveCfg = Release|Any CPU
		{13404C16-31A9-4F8D-9A52-E3960702F308}.Release|Any CPU.Build.0 = Release|Any CPU
		{D6647EC4-E354-491A-977A-89A7869745DF}.Debug|Any CPU.ActiveCfg = Debug|Any CPU
		{D6647EC4-E354-491A-977A-89A7869745DF}.Debug|Any CPU.Build.0 = Debug|Any CPU
		{D6647EC4-E354-491A-977A-89A7869745DF}.Release|Any CPU.ActiveCfg = Release|Any CPU
		{D6647EC4-E354-491A-977A-89A7869745DF}.Release|Any CPU.Build.0 = Release|Any CPU
		{7AD21245-E258-4D0A-BDE6-D1CC37A50708}.Debug|Any CPU.ActiveCfg = Debug|Any CPU
		{7AD21245-E258-4D0A-BDE6-D1CC37A50708}.Debug|Any CPU.Build.0 = Debug|Any CPU
		{7AD21245-E258-4D0A-BDE6-D1CC37A50708}.Release|Any CPU.ActiveCfg = Release|Any CPU
		{7AD21245-E258-4D0A-BDE6-D1CC37A50708}.Release|Any CPU.Build.0 = Release|Any CPU
	EndGlobalSection
	GlobalSection(SolutionProperties) = preSolution
		HideSolutionNode = FALSE
	EndGlobalSection
	GlobalSection(ExtensibilityGlobals) = postSolution
		SolutionGuid = {922B6AFA-53CB-451F-BDAB-CDC0715DDB92}
	EndGlobalSection
EndGlobal
