
Microsoft Visual Studio Solution File, Format Version 12.00
# Visual Studio Version 16
VisualStudioVersion = 16.0.29009.5
MinimumVisualStudioVersion = 10.0.40219.1
Project("{FAE04EC0-301F-11D3-BF4B-00C04F79EFBC}") = "Penguin.Debugging", "Penguin.Debugging.csproj", "{1FD839FD-86DA-4E47-BADD-EA03C1C15C83}"
EndProject
Global
	GlobalSection(SolutionConfigurationPlatforms) = preSolution
		Debug|Any CPU = Debug|Any CPU
		Release|Any CPU = Release|Any CPU
	EndGlobalSection
	GlobalSection(ProjectConfigurationPlatforms) = postSolution
		{1FD839FD-86DA-4E47-BADD-EA03C1C15C83}.Debug|Any CPU.ActiveCfg = Debug|Any CPU
		{1FD839FD-86DA-4E47-BADD-EA03C1C15C83}.Debug|Any CPU.Build.0 = Debug|Any CPU
		{1FD839FD-86DA-4E47-BADD-EA03C1C15C83}.Release|Any CPU.ActiveCfg = Release|Any CPU
		{1FD839FD-86DA-4E47-BADD-EA03C1C15C83}.Release|Any CPU.Build.0 = Release|Any CPU
	EndGlobalSection
	GlobalSection(SolutionProperties) = preSolution
		HideSolutionNode = FALSE
	EndGlobalSection
	GlobalSection(ExtensibilityGlobals) = postSolution
		SolutionGuid = {176CAB40-B951-44D2-992A-6F2D32F02384}
	EndGlobalSection
EndGlobal
